#MicroXplorer Configuration settings - do not modify
Dma.Request0=SDADC1
Dma.Request1=SDADC2
Dma.Request2=SDADC3
Dma.RequestsNb=3
Dma.SDADC1.0.Direction=DMA_PERIPH_TO_MEMORY
Dma.SDADC1.0.Instance=DMA2_Channel3
Dma.SDADC1.0.MemDataAlignment=DMA_MDATAALIGN_HALFWORD
Dma.SDADC1.0.MemInc=DMA_MINC_ENABLE
Dma.SDADC1.0.Mode=DMA_NORMAL
Dma.SDADC1.0.PeriphDataAlignment=DMA_PDATAALIGN_HALFWORD
Dma.SDADC1.0.PeriphInc=DMA_PINC_DISABLE
Dma.SDADC1.0.Priority=DMA_PRIORITY_HIGH
Dma.SDADC1.0.RequestParameters=Instance,Direction,PeriphInc,MemInc,PeriphDataAlignment,MemDataAlignment,Mode,Priority
Dma.SDADC2.1.Direction=DMA_PERIPH_TO_MEMORY
Dma.SDADC2.1.Instance=DMA2_Channel4
Dma.SDADC2.1.MemDataAlignment=DMA_MDATAALIGN_HALFWORD
Dma.SDADC2.1.MemInc=DMA_MINC_ENABLE
Dma.SDADC2.1.Mode=DMA_NORMAL
Dma.SDADC2.1.PeriphDataAlignment=DMA_PDATAALIGN_HALFWORD
Dma.SDADC2.1.PeriphInc=DMA_PINC_DISABLE
Dma.SDADC2.1.Priority=DMA_PRIORITY_HIGH
Dma.SDADC2.1.RequestParameters=Instance,Direction,PeriphInc,MemInc,PeriphDataAlignment,MemDataAlignment,Mode,Priority
Dma.SDADC3.2.Direction=DMA_PERIPH_TO_MEMORY
Dma.SDADC3.2.Instance=DMA2_Channel5
Dma.SDADC3.2.MemDataAlignment=DMA_MDATAALIGN_HALFWORD
Dma.SDADC3.2.MemInc=DMA_MINC_ENABLE
Dma.SDADC3.2.Mode=DMA_NORMAL
Dma.SDADC3.2.PeriphDataAlignment=DMA_PDATAALIGN_HALFWORD
Dma.SDADC3.2.PeriphInc=DMA_PINC_DISABLE
Dma.SDADC3.2.Priority=DMA_PRIORITY_HIGH
Dma.SDADC3.2.RequestParameters=Instance,Direction,PeriphInc,MemInc,PeriphDataAlignment,MemDataAlignment,Mode,Priority
File.Version=6
I2C1.Analog_Filter=I2C_ANALOGFILTER_DISABLE
I2C1.I2C_Speed_Mode=I2C_Fast_Plus
I2C1.IPParameters=I2C_Speed_Mode,Analog_Filter,Timing
I2C1.Timing=0x00000002
KeepUserPlacement=false
Mcu.Family=STM32F3
Mcu.IP0=DMA
Mcu.IP1=I2C1
Mcu.IP10=TIM4
Mcu.IP11=TIM13
Mcu.IP12=TIM14
Mcu.IP2=NVIC
Mcu.IP3=RCC
Mcu.IP4=SDADC1
Mcu.IP5=SDADC2
Mcu.IP6=SDADC3
Mcu.IP7=SYS
Mcu.IP8=TIM2
Mcu.IP9=TIM3
Mcu.IPNb=13
Mcu.Name=STM32F373C(8-B-C)Tx
Mcu.Package=LQFP48
Mcu.Pin0=PF0-OSC_IN
Mcu.Pin1=PF1-OSC_OUT
Mcu.Pin10=PB2
Mcu.Pin11=PE8
Mcu.Pin12=PE9
Mcu.Pin13=PD8
Mcu.Pin14=PA9
Mcu.Pin15=PA10
Mcu.Pin16=PA11
Mcu.Pin17=PA12
Mcu.Pin18=PA13
Mcu.Pin19=PA14
Mcu.Pin2=PA0
Mcu.Pin20=PB6
Mcu.Pin21=PB7
Mcu.Pin22=VP_SDADC1_CONF0
Mcu.Pin23=VP_SDADC2_CONF0
Mcu.Pin24=VP_SDADC3_CONF0
Mcu.Pin25=VP_SYS_VS_Systick
Mcu.Pin26=VP_TIM13_VS_ClockSourceINT
Mcu.Pin27=VP_TIM13_VS_no_output1
Mcu.Pin28=VP_TIM14_VS_ClockSourceINT
Mcu.Pin29=VP_TIM14_VS_no_output1
Mcu.Pin3=PA1
Mcu.Pin4=PA3
Mcu.Pin5=PA4
Mcu.Pin6=PA5
Mcu.Pin7=PA6
Mcu.Pin8=PB0
Mcu.Pin9=PB1
Mcu.PinsNb=30
Mcu.ThirdPartyNb=0
Mcu.UserConstants=
Mcu.UserName=STM32F373CCTx
MxCube.Version=5.0.1
MxDb.Version=DB.5.0.1
NVIC.BusFault_IRQn=true\:0\:0\:false\:false\:true\:false\:false
NVIC.DMA2_Channel3_IRQn=true\:0\:0\:false\:false\:true\:false\:true
NVIC.DMA2_Channel4_IRQn=true\:0\:0\:false\:false\:true\:false\:true
NVIC.DMA2_Channel5_IRQn=true\:0\:0\:false\:false\:true\:false\:true
NVIC.DebugMonitor_IRQn=true\:0\:0\:false\:false\:true\:false\:false
NVIC.ForceEnableDMAVector=true
NVIC.HardFault_IRQn=true\:0\:0\:false\:false\:true\:false\:false
NVIC.MemoryManagement_IRQn=true\:0\:0\:false\:false\:true\:false\:false
NVIC.NonMaskableInt_IRQn=true\:0\:0\:false\:false\:true\:false\:false
NVIC.PendSV_IRQn=true\:0\:0\:false\:false\:true\:false\:false
NVIC.PriorityGroup=NVIC_PRIORITYGROUP_4
NVIC.SVCall_IRQn=true\:0\:0\:false\:false\:true\:false\:false
NVIC.SysTick_IRQn=true\:0\:0\:false\:false\:true\:false\:true
NVIC.UsageFault_IRQn=true\:0\:0\:false\:false\:true\:false\:false
PA0.Locked=true
PA0.Signal=S_TIM2_CH1_ETR
PA1.Locked=true
PA1.Signal=S_TIM2_CH2
PA10.Locked=true
PA10.Signal=S_TIM2_CH4
PA11.GPIOParameters=GPIO_PuPd
PA11.GPIO_PuPd=GPIO_PULLUP
PA11.Signal=S_TIM4_CH1
PA12.GPIOParameters=GPIO_PuPd
PA12.GPIO_PuPd=GPIO_PULLUP
PA12.Signal=S_TIM4_CH2
PA13.Mode=Serial_Wire
PA13.Signal=SYS_JTMS-SWDIO
PA14.Mode=Serial_Wire
PA14.Signal=SYS_JTCK-SWCLK
PA3.Locked=true
PA3.Signal=GPIO_Input
PA4.Locked=true
PA4.Signal=S_TIM3_CH2
PA5.Locked=true
PA5.Signal=GPIO_Input
PA6.Locked=true
PA6.Signal=S_TIM3_CH1
PA9.Locked=true
PA9.Signal=S_TIM2_CH3
PB0.Mode=IN6-Single-Ended zero reference
PB0.Signal=SDADC1_AIN6P
PB1.Locked=true
PB1.Signal=S_TIM3_CH4
PB2.Mode=IN6-Single-Ended zero reference
PB2.Signal=SDADC2_AIN6P
PB6.Locked=true
PB6.Mode=I2C
PB6.Signal=I2C1_SCL
PB7.Mode=I2C
PB7.Signal=I2C1_SDA
PD8.Locked=true
PD8.Mode=IN6-Single-Ended zero reference
PD8.Signal=SDADC3_AIN6P
PE8.Locked=true
PE8.Signal=GPIO_Input
PE9.Locked=true
PE9.Signal=GPIO_Input
PF0-OSC_IN.Mode=HSE-External-Oscillator
PF0-OSC_IN.Signal=RCC_OSC_IN
PF1-OSC_OUT.Mode=HSE-External-Oscillator
PF1-OSC_OUT.Signal=RCC_OSC_OUT
PinOutPanel.RotationAngle=0
ProjectManager.AskForMigrate=true
ProjectManager.BackupPrevious=false
ProjectManager.CompilerOptimize=6
ProjectManager.ComputerToolchain=false
ProjectManager.CoupleFile=true
ProjectManager.CustomerFirmwarePackage=
ProjectManager.DefaultFWLocation=true
ProjectManager.DeletePrevious=true
ProjectManager.DeviceId=STM32F373CCTx
ProjectManager.FirmwarePackage=STM32Cube FW_F3 V1.10.0
ProjectManager.FreePins=true
ProjectManager.HalAssertFull=false
ProjectManager.HeapSize=0x200
ProjectManager.KeepUserCode=true
ProjectManager.LastFirmware=true
ProjectManager.LibraryCopy=1
ProjectManager.MainLocation=Src
ProjectManager.NoMain=false
ProjectManager.PreviousToolchain=
ProjectManager.ProjectBuild=false
ProjectManager.ProjectFileName=screen.ioc
ProjectManager.ProjectName=screen
ProjectManager.RegisterCallBack=
ProjectManager.StackSize=0x400
ProjectManager.TargetToolchain=Makefile
ProjectManager.ToolChainLocation=
ProjectManager.UnderRoot=false
ProjectManager.functionlistsort=1-MX_GPIO_Init-GPIO-false-HAL-true,2-MX_DMA_Init-DMA-false-HAL-true,3-SystemClock_Config-RCC-false-HAL-false,4-MX_I2C1_Init-I2C1-false-HAL-true,5-MX_SDADC1_Init-SDADC1-false-HAL-true,6-MX_SDADC2_Init-SDADC2-false-HAL-true,7-MX_SDADC3_Init-SDADC3-false-HAL-true,8-MX_TIM4_Init-TIM4-false-HAL-true,9-MX_TIM2_Init-TIM2-false-HAL-true,10-MX_TIM3_Init-TIM3-false-HAL-true,11-MX_TIM13_Init-TIM13-false-HAL-true,12-MX_TIM14_Init-TIM14-false-HAL-true
RCC.ADCoutputFreq_Value=36000000
RCC.AHBFreq_Value=72000000
RCC.APB1CLKDivider=RCC_HCLK_DIV2
RCC.APB1Freq_Value=36000000
RCC.APB1TimFreq_Value=72000000
RCC.APB2Freq_Value=72000000
RCC.APB2TimFreq_Value=72000000
RCC.CECFreq_Value=32786.88524590164
RCC.CortexFreq_Value=72000000
RCC.FCLKCortexFreq_Value=72000000
RCC.FamilyName=M
RCC.HCLKFreq_Value=72000000
RCC.HSEPLLFreq_Value=8000000
RCC.HSE_VALUE=8000000
RCC.HSICECFreq_Value=32786.88524590164
RCC.HSIPLLFreq_Value=4000000
RCC.HSI_VALUE=8000000
RCC.I2C1Freq_Value=8000000
RCC.I2CFreq_Value=8000000
RCC.IPParameters=ADCoutputFreq_Value,AHBFreq_Value,APB1CLKDivider,APB1Freq_Value,APB1TimFreq_Value,APB2Freq_Value,APB2TimFreq_Value,CECFreq_Value,CortexFreq_Value,FCLKCortexFreq_Value,FamilyName,HCLKFreq_Value,HSEPLLFreq_Value,HSE_VALUE,HSICECFreq_Value,HSIPLLFreq_Value,HSI_VALUE,I2C1Freq_Value,I2CFreq_Value,LSE_VALUE,LSI_VALUE,MCOFreq_Value,PLLCLKFreq_Value,PLLMCOFreq_Value,PLLMUL,PLLSourceVirtual,PWRFreq_Value,RTCFreq_Value,RTCHSEDivFreq_Value,SDADCPresc,SDADCoutputFreq_Value,SYSCLKFreq_VALUE,SYSCLKSource,TIM2Freq_Value,USART1Freq_Value,USART2Freq_Value,USART3Freq_Value,USBFreq_Value,VCOOutput2Freq_Value
RCC.LSE_VALUE=32768
RCC.LSI_VALUE=40000
RCC.MCOFreq_Value=72000000
RCC.PLLCLKFreq_Value=72000000
RCC.PLLMCOFreq_Value=36000000
RCC.PLLMUL=RCC_PLL_MUL9
RCC.PLLSourceVirtual=RCC_PLLSOURCE_HSE
RCC.PWRFreq_Value=72000000
RCC.RTCFreq_Value=40000
RCC.RTCHSEDivFreq_Value=250000
RCC.SDADCPresc=RCC_SDADCSYSCLK_DIV12
RCC.SDADCoutputFreq_Value=6000000
RCC.SYSCLKFreq_VALUE=72000000
RCC.SYSCLKSource=RCC_SYSCLKSOURCE_PLLCLK
RCC.TIM2Freq_Value=72000000
RCC.USART1Freq_Value=72000000
RCC.USART2Freq_Value=36000000
RCC.USART3Freq_Value=36000000
RCC.USBFreq_Value=72000000
RCC.VCOOutput2Freq_Value=8000000
SDADC1.CommonMode0=SDADC_COMMON_MODE_VSSA
SDADC1.EnableInjectedConversion=ENABLE
SDADC1.EnableRegularconversion=DISABLE
SDADC1.FastConversionMode=SDADC_FAST_CONV_ENABLE
SDADC1.IPParameters=NbrOfConversionFlag,ReferenceVoltage,EnableRegularconversion,InputMode0,IdleLowPowerMode,CommonMode0,FastConversionMode,EnableInjectedConversion,InjectedRank-0\#ChannelInjectedConversion,InjectedChannel-0\#ChannelInjectedConversion,InjectedConfIndex-0\#ChannelInjectedConversion,InjNumberOfConversion,InjectedChannelsSelection,InjectedTrigger,InjectedContinuousMode
SDADC1.IdleLowPowerMode=SDADC_LOWPOWER_NONE
SDADC1.InjNumberOfConversion=1
SDADC1.InjectedChannel-0\#ChannelInjectedConversion=SDADC_CHANNEL_6
SDADC1.InjectedChannelsSelection=SDADC_CHANNEL_6
SDADC1.InjectedConfIndex-0\#ChannelInjectedConversion=SDADC_CONF_INDEX_0
SDADC1.InjectedContinuousMode=SDADC_CONTINUOUS_CONV_ON
SDADC1.InjectedRank-0\#ChannelInjectedConversion=1
SDADC1.InjectedTrigger=SDADC_EXTERNAL_TRIGGER
SDADC1.InputMode0=SDADC_INPUT_MODE_SE_ZERO_REFERENCE
SDADC1.NbrOfConversionFlag=1
SDADC1.ReferenceVoltage=SDADC_VREF_VDDA
SDADC2.EnableInjectedConversion=ENABLE
SDADC2.EnableRegularconversion=DISABLE
SDADC2.FastConversionMode=SDADC_FAST_CONV_ENABLE
SDADC2.IPParameters=NbrOfConversionFlag,ReferenceVoltage,InputMode0,EnableRegularconversion,EnableInjectedConversion,InjectedRank-0\#ChannelInjectedConversion,InjectedChannel-0\#ChannelInjectedConversion,InjectedConfIndex-0\#ChannelInjectedConversion,InjNumberOfConversion,InjectedChannelsSelection,InjectedTrigger,InjectedContinuousMode,FastConversionMode
SDADC2.InjNumberOfConversion=1
SDADC2.InjectedChannel-0\#ChannelInjectedConversion=SDADC_CHANNEL_6
SDADC2.InjectedChannelsSelection=SDADC_CHANNEL_6
SDADC2.InjectedConfIndex-0\#ChannelInjectedConversion=SDADC_CONF_INDEX_0
SDADC2.InjectedContinuousMode=SDADC_CONTINUOUS_CONV_ON
SDADC2.InjectedRank-0\#ChannelInjectedConversion=1
SDADC2.InjectedTrigger=SDADC_SYNCHRONOUS_TRIGGER
SDADC2.InputMode0=SDADC_INPUT_MODE_SE_ZERO_REFERENCE
SDADC2.NbrOfConversionFlag=1
SDADC2.ReferenceVoltage=SDADC_VREF_VDDA
SDADC3.EnableInjectedConversion=ENABLE
SDADC3.EnableRegularconversion=DISABLE
SDADC3.FastConversionMode=SDADC_FAST_CONV_ENABLE
SDADC3.IPParameters=NbrOfConversionFlag,ReferenceVoltage,InputMode0,EnableRegularconversion,EnableInjectedConversion,InjectedRank-0\#ChannelInjectedConversion,InjectedChannel-0\#ChannelInjectedConversion,InjectedConfIndex-0\#ChannelInjectedConversion,InjNumberOfConversion,InjectedChannelsSelection,InjectedTrigger,InjectedContinuousMode,FastConversionMode
SDADC3.InjNumberOfConversion=1
SDADC3.InjectedChannel-0\#ChannelInjectedConversion=SDADC_CHANNEL_6
SDADC3.InjectedChannelsSelection=SDADC_CHANNEL_6
SDADC3.InjectedConfIndex-0\#ChannelInjectedConversion=SDADC_CONF_INDEX_0
SDADC3.InjectedContinuousMode=SDADC_CONTINUOUS_CONV_ON
SDADC3.InjectedRank-0\#ChannelInjectedConversion=1
SDADC3.InjectedTrigger=SDADC_SYNCHRONOUS_TRIGGER
SDADC3.InputMode0=SDADC_INPUT_MODE_SE_ZERO_REFERENCE
SDADC3.NbrOfConversionFlag=1
SDADC3.ReferenceVoltage=SDADC_VREF_VDDA
SH.S_TIM2_CH1_ETR.0=TIM2_CH1,PWM Generation1 CH1
SH.S_TIM2_CH1_ETR.ConfNb=1
SH.S_TIM2_CH2.0=TIM2_CH2,PWM Generation2 CH2
SH.S_TIM2_CH2.ConfNb=1
SH.S_TIM2_CH3.0=TIM2_CH3,PWM Generation3 CH3
SH.S_TIM2_CH3.ConfNb=1
SH.S_TIM2_CH4.0=TIM2_CH4,PWM Generation4 CH4
SH.S_TIM2_CH4.ConfNb=1
SH.S_TIM3_CH1.0=TIM3_CH1,PWM Generation1 CH1
SH.S_TIM3_CH1.ConfNb=1
SH.S_TIM3_CH2.0=TIM3_CH2,PWM Generation2 CH2
SH.S_TIM3_CH2.ConfNb=1
SH.S_TIM3_CH4.0=TIM3_CH4,PWM Generation4 CH4
SH.S_TIM3_CH4.ConfNb=1
SH.S_TIM4_CH1.0=TIM4_CH1,Encoder_Interface
SH.S_TIM4_CH1.ConfNb=1
SH.S_TIM4_CH2.0=TIM4_CH2,Encoder_Interface
SH.S_TIM4_CH2.ConfNb=1
TIM13.Channel=TIM_CHANNEL_1
TIM13.IPParameters=Period,Channel,Pulse
TIM13.Period=2249
TIM13.Pulse=1
TIM14.Channel=TIM_CHANNEL_1
TIM14.IPParameters=Channel
TIM2.Channel-PWM\ Generation1\ CH1=TIM_CHANNEL_1
TIM2.Channel-PWM\ Generation2\ CH2=TIM_CHANNEL_2
TIM2.Channel-PWM\ Generation3\ CH3=TIM_CHANNEL_3
TIM2.Channel-PWM\ Generation4\ CH4=TIM_CHANNEL_4
TIM2.IPParameters=Channel-PWM Generation1 CH1,Channel-PWM Generation2 CH2,Channel-PWM Generation3 CH3,Channel-PWM Generation4 CH4,Period,Prescaler
TIM2.Period=255
TIM2.Prescaler=1000
TIM3.Channel-PWM\ Generation1\ CH1=TIM_CHANNEL_1
TIM3.Channel-PWM\ Generation2\ CH2=TIM_CHANNEL_2
TIM3.Channel-PWM\ Generation4\ CH4=TIM_CHANNEL_4
TIM3.IPParameters=Channel-PWM Generation1 CH1,Channel-PWM Generation2 CH2,Channel-PWM Generation4 CH4,Prescaler,Period
TIM3.Period=255
TIM3.Prescaler=1000
TIM4.IC1Polarity=TIM_ICPOLARITY_FALLING
TIM4.IC2Polarity=TIM_ICPOLARITY_FALLING
TIM4.IPParameters=Period,IC1Polarity,IC2Polarity
TIM4.Period=65535
VP_SDADC1_CONF0.Mode=ConfigZero
VP_SDADC1_CONF0.Signal=SDADC1_CONF0
VP_SDADC2_CONF0.Mode=ConfigZero
VP_SDADC2_CONF0.Signal=SDADC2_CONF0
VP_SDADC3_CONF0.Mode=ConfigZero
VP_SDADC3_CONF0.Signal=SDADC3_CONF0
VP_SYS_VS_Systick.Mode=SysTick
VP_SYS_VS_Systick.Signal=SYS_VS_Systick
VP_TIM13_VS_ClockSourceINT.Mode=Enable_Timer
VP_TIM13_VS_ClockSourceINT.Signal=TIM13_VS_ClockSourceINT
VP_TIM13_VS_no_output1.Mode=PWM Generation1 No Output
VP_TIM13_VS_no_output1.Signal=TIM13_VS_no_output1
VP_TIM14_VS_ClockSourceINT.Mode=Enable_Timer
VP_TIM14_VS_ClockSourceINT.Signal=TIM14_VS_ClockSourceINT
VP_TIM14_VS_no_output1.Mode=Output Compare1 No Output
VP_TIM14_VS_no_output1.Signal=TIM14_VS_no_output1
board=custom
